// !$*UTF8*$!
{
	archiveVersion = 1;
	classes = {
	};
	objectVersion = 46;
	objects = {

/* Begin PBXBuildFile section */
		FE1069DD1D1A6AA000E0E5A5 /* FirePlant.swift in Sources */ = {isa = PBXBuildFile; fileRef = FE1069DC1D1A6AA000E0E5A5 /* FirePlant.swift */; };
		FE1069DF1D1A6D9B00E0E5A5 /* FlameObj.swift in Sources */ = {isa = PBXBuildFile; fileRef = FE1069DE1D1A6D9B00E0E5A5 /* FlameObj.swift */; };
		FE11C8AF1D28853300DF6890 /* DifficultyConstant.swift in Sources */ = {isa = PBXBuildFile; fileRef = FE11C8AE1D28853300DF6890 /* DifficultyConstant.swift */; };
		FE269CCF1D239EFC00F445B5 /* LevelScene.swift in Sources */ = {isa = PBXBuildFile; fileRef = FE269CCE1D239EFC00F445B5 /* LevelScene.swift */; };
		FE2A48571D20A3FB000D2CF2 /* BoxHit.wav in Resources */ = {isa = PBXBuildFile; fileRef = FE2A48561D20A3FB000D2CF2 /* BoxHit.wav */; };
		FE2A48591D20A401000D2CF2 /* FirePlantHit.wav in Resources */ = {isa = PBXBuildFile; fileRef = FE2A48581D20A401000D2CF2 /* FirePlantHit.wav */; };
		FE2A485B1D20A407000D2CF2 /* FlameHit.wav in Resources */ = {isa = PBXBuildFile; fileRef = FE2A485A1D20A407000D2CF2 /* FlameHit.wav */; };
		FE2A485E1D20A422000D2CF2 /* RockLives.wav in Resources */ = {isa = PBXBuildFile; fileRef = FE2A485D1D20A422000D2CF2 /* RockLives.wav */; };
		FE49B1971D2A42190078D8E1 /* VictoryCondition.swift in Sources */ = {isa = PBXBuildFile; fileRef = FE49B1961D2A42190078D8E1 /* VictoryCondition.swift */; };
		FE608F2F1D1E685F005F0DA5 /* GamePath.swift in Sources */ = {isa = PBXBuildFile; fileRef = FE608F2E1D1E685F005F0DA5 /* GamePath.swift */; };
		FE6D3A661D34AE8C0042D89B /* ButtonFactory.swift in Sources */ = {isa = PBXBuildFile; fileRef = FE6D3A651D34AE8C0042D89B /* ButtonFactory.swift */; };
		FE7336B41D209FAA008E2E57 /* Sounds.swift in Sources */ = {isa = PBXBuildFile; fileRef = FE7336B31D209FAA008E2E57 /* Sounds.swift */; };
		FE76CE361D30D0740046022F /* SetupScene.swift in Sources */ = {isa = PBXBuildFile; fileRef = FE76CE351D30D0740046022F /* SetupScene.swift */; };
		FE79B2A41D2798E10091E6DF /* FireDie.wav in Resources */ = {isa = PBXBuildFile; fileRef = FE79B2A11D2798E10091E6DF /* FireDie.wav */; };
		FE79B2A51D2798E10091E6DF /* FireReady.wav in Resources */ = {isa = PBXBuildFile; fileRef = FE79B2A21D2798E10091E6DF /* FireReady.wav */; };
		FE79B2A61D2798E10091E6DF /* SpiderDie.wav in Resources */ = {isa = PBXBuildFile; fileRef = FE79B2A31D2798E10091E6DF /* SpiderDie.wav */; };
		FE7C1FF21D1900FB00513EC7 /* RockObj.swift in Sources */ = {isa = PBXBuildFile; fileRef = FE7C1FF11D1900FB00513EC7 /* RockObj.swift */; };
		FE7C1FFA1D191AE100513EC7 /* BombBox.swift in Sources */ = {isa = PBXBuildFile; fileRef = FE7C1FF91D191AE100513EC7 /* BombBox.swift */; };
		FE7C1FFC1D191B8B00513EC7 /* HealBox.swift in Sources */ = {isa = PBXBuildFile; fileRef = FE7C1FFB1D191B8B00513EC7 /* HealBox.swift */; };
		FE84C0521D2250C6006CF8E9 /* mushroomDance.mp3 in Resources */ = {isa = PBXBuildFile; fileRef = FE84C04F1D2250C6006CF8E9 /* mushroomDance.mp3 */; };
		FE84C0531D2250C6006CF8E9 /* oneSong.mp3 in Resources */ = {isa = PBXBuildFile; fileRef = FE84C0501D2250C6006CF8E9 /* oneSong.mp3 */; };
		FE84C0541D2250C6006CF8E9 /* sunshine.mp3 in Resources */ = {isa = PBXBuildFile; fileRef = FE84C0511D2250C6006CF8E9 /* sunshine.mp3 */; };
		FE881EA51D175D84003D2D57 /* BoxObj.swift in Sources */ = {isa = PBXBuildFile; fileRef = FE881EA41D175D84003D2D57 /* BoxObj.swift */; };
		FE881EA71D175E4F003D2D57 /* CloudObj.swift in Sources */ = {isa = PBXBuildFile; fileRef = FE881EA61D175E4F003D2D57 /* CloudObj.swift */; };
		FE881EA91D176228003D2D57 /* CloudGenerator.swift in Sources */ = {isa = PBXBuildFile; fileRef = FE881EA81D176228003D2D57 /* CloudGenerator.swift */; };
		FE881EAB1D176DEC003D2D57 /* GroundObj.swift in Sources */ = {isa = PBXBuildFile; fileRef = FE881EAA1D176DEC003D2D57 /* GroundObj.swift */; };
		FE881EAD1D176FC0003D2D57 /* PlantObj.swift in Sources */ = {isa = PBXBuildFile; fileRef = FE881EAC1D176FC0003D2D57 /* PlantObj.swift */; };
		FEA65BA61D168CE20068A20A /* ObjGenerator.swift in Sources */ = {isa = PBXBuildFile; fileRef = FEA65BA51D168CE20068A20A /* ObjGenerator.swift */; };
		FEA65BA81D168DF40068A20A /* BoxGenerator.swift in Sources */ = {isa = PBXBuildFile; fileRef = FEA65BA71D168DF40068A20A /* BoxGenerator.swift */; };
		FEBAB4861D24C5C500878678 /* SpiderObj.swift in Sources */ = {isa = PBXBuildFile; fileRef = FEBAB4851D24C5C500878678 /* SpiderObj.swift */; };
		FECB8A961D1E122D0093810E /* RockBox.swift in Sources */ = {isa = PBXBuildFile; fileRef = FECB8A951D1E122D0093810E /* RockBox.swift */; };
		FECE0A9C1D273D600069F36F /* SpriteRoll.swift in Sources */ = {isa = PBXBuildFile; fileRef = FECE0A9B1D273D600069F36F /* SpriteRoll.swift */; };
		FECFFE541D277F7D00A89CAE /* Process.swift in Sources */ = {isa = PBXBuildFile; fileRef = FECFFE531D277F7D00A89CAE /* Process.swift */; };
		FECFFE561D27801A00A89CAE /* CreditScene.swift in Sources */ = {isa = PBXBuildFile; fileRef = FECFFE551D27801A00A89CAE /* CreditScene.swift */; };
		FECFFE581D27868500A89CAE /* Credits.txt in Resources */ = {isa = PBXBuildFile; fileRef = FECFFE571D27868500A89CAE /* Credits.txt */; };
		FECFFE5A1D27887800A89CAE /* otherCredits.txt in Resources */ = {isa = PBXBuildFile; fileRef = FECFFE591D27887800A89CAE /* otherCredits.txt */; };
		FEDF1F6A1D151C07000EA427 /* AppDelegate.swift in Sources */ = {isa = PBXBuildFile; fileRef = FEDF1F691D151C07000EA427 /* AppDelegate.swift */; };
		FEDF1F6C1D151C07000EA427 /* GameScene.sks in Resources */ = {isa = PBXBuildFile; fileRef = FEDF1F6B1D151C07000EA427 /* GameScene.sks */; };
		FEDF1F6E1D151C07000EA427 /* GameScene.swift in Sources */ = {isa = PBXBuildFile; fileRef = FEDF1F6D1D151C07000EA427 /* GameScene.swift */; };
		FEDF1F701D151C07000EA427 /* GameViewController.swift in Sources */ = {isa = PBXBuildFile; fileRef = FEDF1F6F1D151C07000EA427 /* GameViewController.swift */; };
		FEDF1F731D151C07000EA427 /* Main.storyboard in Resources */ = {isa = PBXBuildFile; fileRef = FEDF1F711D151C07000EA427 /* Main.storyboard */; };
		FEDF1F751D151C07000EA427 /* Assets.xcassets in Resources */ = {isa = PBXBuildFile; fileRef = FEDF1F741D151C07000EA427 /* Assets.xcassets */; };
		FEDF1F781D151C07000EA427 /* LaunchScreen.storyboard in Resources */ = {isa = PBXBuildFile; fileRef = FEDF1F761D151C07000EA427 /* LaunchScreen.storyboard */; };
		FEDF1F801D1520E5000EA427 /* GameObj.swift in Sources */ = {isa = PBXBuildFile; fileRef = FEDF1F7F1D1520E5000EA427 /* GameObj.swift */; };
		FEDF5DE11D2093820047B953 /* GameState.swift in Sources */ = {isa = PBXBuildFile; fileRef = FEDF5DE01D2093820047B953 /* GameState.swift */; };
		FEDF5DE31D2096DC0047B953 /* MenuScene.swift in Sources */ = {isa = PBXBuildFile; fileRef = FEDF5DE21D2096DC0047B953 /* MenuScene.swift */; };
		FEF298AC1D2E29B200FBBE96 /* PauseObj.swift in Sources */ = {isa = PBXBuildFile; fileRef = FEF298AB1D2E29B200FBBE96 /* PauseObj.swift */; };
		FEF727631D210F1E00697CD8 /* HealMycelium.wav in Resources */ = {isa = PBXBuildFile; fileRef = FEF727561D210F1E00697CD8 /* HealMycelium.wav */; };
		FEF727641D210F1E00697CD8 /* HealShroom.wav in Resources */ = {isa = PBXBuildFile; fileRef = FEF727571D210F1E00697CD8 /* HealShroom.wav */; };
		FEF727651D210F1E00697CD8 /* LoseSound.wav in Resources */ = {isa = PBXBuildFile; fileRef = FEF727581D210F1E00697CD8 /* LoseSound.wav */; };
		FEF727661D210F1E00697CD8 /* MycelCreate.wav in Resources */ = {isa = PBXBuildFile; fileRef = FEF727591D210F1E00697CD8 /* MycelCreate.wav */; };
		FEF727671D210F1E00697CD8 /* RockCreate.wav in Resources */ = {isa = PBXBuildFile; fileRef = FEF7275A1D210F1E00697CD8 /* RockCreate.wav */; };
		FEF727681D210F1E00697CD8 /* RockDie.wav in Resources */ = {isa = PBXBuildFile; fileRef = FEF7275B1D210F1E00697CD8 /* RockDie.wav */; };
		FEF727691D210F1E00697CD8 /* RockLost.wav in Resources */ = {isa = PBXBuildFile; fileRef = FEF7275C1D210F1E00697CD8 /* RockLost.wav */; };
		FEF7276A1D210F1E00697CD8 /* SandCreate.wav in Resources */ = {isa = PBXBuildFile; fileRef = FEF7275D1D210F1E00697CD8 /* SandCreate.wav */; };
		FEF7276B1D210F1E00697CD8 /* SandMonster.wav in Resources */ = {isa = PBXBuildFile; fileRef = FEF7275E1D210F1E00697CD8 /* SandMonster.wav */; };
		FEF7276C1D210F1E00697CD8 /* SandSmash.wav in Resources */ = {isa = PBXBuildFile; fileRef = FEF7275F1D210F1E00697CD8 /* SandSmash.wav */; };
		FEF7276D1D210F1E00697CD8 /* ShroomCreate.wav in Resources */ = {isa = PBXBuildFile; fileRef = FEF727601D210F1E00697CD8 /* ShroomCreate.wav */; };
		FEF7276E1D210F1E00697CD8 /* ShroomDie.wav in Resources */ = {isa = PBXBuildFile; fileRef = FEF727611D210F1E00697CD8 /* ShroomDie.wav */; };
		FEF7276F1D210F1E00697CD8 /* WinSound.wav in Resources */ = {isa = PBXBuildFile; fileRef = FEF727621D210F1E00697CD8 /* WinSound.wav */; };
/* End PBXBuildFile section */

/* Begin PBXFileReference section */
		FE1069DC1D1A6AA000E0E5A5 /* FirePlant.swift */ = {isa = PBXFileReference; fileEncoding = 4; lastKnownFileType = sourcecode.swift; path = FirePlant.swift; sourceTree = "<group>"; };
		FE1069DE1D1A6D9B00E0E5A5 /* FlameObj.swift */ = {isa = PBXFileReference; fileEncoding = 4; lastKnownFileType = sourcecode.swift; path = FlameObj.swift; sourceTree = "<group>"; };
		FE11C8AE1D28853300DF6890 /* DifficultyConstant.swift */ = {isa = PBXFileReference; fileEncoding = 4; lastKnownFileType = sourcecode.swift; path = DifficultyConstant.swift; sourceTree = "<group>"; };
		FE269CCE1D239EFC00F445B5 /* LevelScene.swift */ = {isa = PBXFileReference; fileEncoding = 4; lastKnownFileType = sourcecode.swift; path = LevelScene.swift; sourceTree = "<group>"; };
		FE2A48561D20A3FB000D2CF2 /* BoxHit.wav */ = {isa = PBXFileReference; lastKnownFileType = audio.wav; path = BoxHit.wav; sourceTree = "<group>"; };
		FE2A48581D20A401000D2CF2 /* FirePlantHit.wav */ = {isa = PBXFileReference; lastKnownFileType = audio.wav; path = FirePlantHit.wav; sourceTree = "<group>"; };
		FE2A485A1D20A407000D2CF2 /* FlameHit.wav */ = {isa = PBXFileReference; lastKnownFileType = audio.wav; path = FlameHit.wav; sourceTree = "<group>"; };
		FE2A485D1D20A422000D2CF2 /* RockLives.wav */ = {isa = PBXFileReference; lastKnownFileType = audio.wav; path = RockLives.wav; sourceTree = "<group>"; };
		FE49B1961D2A42190078D8E1 /* VictoryCondition.swift */ = {isa = PBXFileReference; fileEncoding = 4; lastKnownFileType = sourcecode.swift; path = VictoryCondition.swift; sourceTree = "<group>"; };
		FE608F2E1D1E685F005F0DA5 /* GamePath.swift */ = {isa = PBXFileReference; fileEncoding = 4; lastKnownFileType = sourcecode.swift; path = GamePath.swift; sourceTree = "<group>"; };
		FE6D3A651D34AE8C0042D89B /* ButtonFactory.swift */ = {isa = PBXFileReference; fileEncoding = 4; lastKnownFileType = sourcecode.swift; path = ButtonFactory.swift; sourceTree = "<group>"; };
		FE7336B31D209FAA008E2E57 /* Sounds.swift */ = {isa = PBXFileReference; fileEncoding = 4; lastKnownFileType = sourcecode.swift; path = Sounds.swift; sourceTree = "<group>"; };
		FE76CE351D30D0740046022F /* SetupScene.swift */ = {isa = PBXFileReference; fileEncoding = 4; lastKnownFileType = sourcecode.swift; path = SetupScene.swift; sourceTree = "<group>"; };
		FE79B2A11D2798E10091E6DF /* FireDie.wav */ = {isa = PBXFileReference; lastKnownFileType = audio.wav; path = FireDie.wav; sourceTree = "<group>"; };
		FE79B2A21D2798E10091E6DF /* FireReady.wav */ = {isa = PBXFileReference; lastKnownFileType = audio.wav; path = FireReady.wav; sourceTree = "<group>"; };
		FE79B2A31D2798E10091E6DF /* SpiderDie.wav */ = {isa = PBXFileReference; lastKnownFileType = audio.wav; path = SpiderDie.wav; sourceTree = "<group>"; };
		FE7C1FF11D1900FB00513EC7 /* RockObj.swift */ = {isa = PBXFileReference; fileEncoding = 4; lastKnownFileType = sourcecode.swift; path = RockObj.swift; sourceTree = "<group>"; };
		FE7C1FF91D191AE100513EC7 /* BombBox.swift */ = {isa = PBXFileReference; fileEncoding = 4; lastKnownFileType = sourcecode.swift; path = BombBox.swift; sourceTree = "<group>"; };
		FE7C1FFB1D191B8B00513EC7 /* HealBox.swift */ = {isa = PBXFileReference; fileEncoding = 4; lastKnownFileType = sourcecode.swift; path = HealBox.swift; sourceTree = "<group>"; };
		FE84C04F1D2250C6006CF8E9 /* mushroomDance.mp3 */ = {isa = PBXFileReference; lastKnownFileType = audio.mp3; path = mushroomDance.mp3; sourceTree = "<group>"; };
		FE84C0501D2250C6006CF8E9 /* oneSong.mp3 */ = {isa = PBXFileReference; lastKnownFileType = audio.mp3; path = oneSong.mp3; sourceTree = "<group>"; };
		FE84C0511D2250C6006CF8E9 /* sunshine.mp3 */ = {isa = PBXFileReference; lastKnownFileType = audio.mp3; path = sunshine.mp3; sourceTree = "<group>"; };
		FE881EA41D175D84003D2D57 /* BoxObj.swift */ = {isa = PBXFileReference; fileEncoding = 4; lastKnownFileType = sourcecode.swift; path = BoxObj.swift; sourceTree = "<group>"; };
		FE881EA61D175E4F003D2D57 /* CloudObj.swift */ = {isa = PBXFileReference; fileEncoding = 4; lastKnownFileType = sourcecode.swift; path = CloudObj.swift; sourceTree = "<group>"; };
		FE881EA81D176228003D2D57 /* CloudGenerator.swift */ = {isa = PBXFileReference; fileEncoding = 4; lastKnownFileType = sourcecode.swift; path = CloudGenerator.swift; sourceTree = "<group>"; };
		FE881EAA1D176DEC003D2D57 /* GroundObj.swift */ = {isa = PBXFileReference; fileEncoding = 4; lastKnownFileType = sourcecode.swift; path = GroundObj.swift; sourceTree = "<group>"; };
		FE881EAC1D176FC0003D2D57 /* PlantObj.swift */ = {isa = PBXFileReference; fileEncoding = 4; lastKnownFileType = sourcecode.swift; path = PlantObj.swift; sourceTree = "<group>"; };
		FEA65BA51D168CE20068A20A /* ObjGenerator.swift */ = {isa = PBXFileReference; fileEncoding = 4; lastKnownFileType = sourcecode.swift; path = ObjGenerator.swift; sourceTree = "<group>"; };
		FEA65BA71D168DF40068A20A /* BoxGenerator.swift */ = {isa = PBXFileReference; fileEncoding = 4; lastKnownFileType = sourcecode.swift; path = BoxGenerator.swift; sourceTree = "<group>"; };
		FEBAB4851D24C5C500878678 /* SpiderObj.swift */ = {isa = PBXFileReference; fileEncoding = 4; lastKnownFileType = sourcecode.swift; path = SpiderObj.swift; sourceTree = "<group>"; };
		FECB8A951D1E122D0093810E /* RockBox.swift */ = {isa = PBXFileReference; fileEncoding = 4; lastKnownFileType = sourcecode.swift; path = RockBox.swift; sourceTree = "<group>"; };
		FECE0A9B1D273D600069F36F /* SpriteRoll.swift */ = {isa = PBXFileReference; fileEncoding = 4; lastKnownFileType = sourcecode.swift; path = SpriteRoll.swift; sourceTree = "<group>"; };
		FECFFE531D277F7D00A89CAE /* Process.swift */ = {isa = PBXFileReference; fileEncoding = 4; lastKnownFileType = sourcecode.swift; path = Process.swift; sourceTree = "<group>"; };
		FECFFE551D27801A00A89CAE /* CreditScene.swift */ = {isa = PBXFileReference; fileEncoding = 4; lastKnownFileType = sourcecode.swift; path = CreditScene.swift; sourceTree = "<group>"; };
		FECFFE571D27868500A89CAE /* Credits.txt */ = {isa = PBXFileReference; fileEncoding = 4; lastKnownFileType = text; path = Credits.txt; sourceTree = "<group>"; };
		FECFFE591D27887800A89CAE /* otherCredits.txt */ = {isa = PBXFileReference; fileEncoding = 4; lastKnownFileType = text; path = otherCredits.txt; sourceTree = "<group>"; };
		FEDF1F661D151C07000EA427 /* GroveKeeper.app */ = {isa = PBXFileReference; explicitFileType = wrapper.application; includeInIndex = 0; path = GroveKeeper.app; sourceTree = BUILT_PRODUCTS_DIR; };
		FEDF1F691D151C07000EA427 /* AppDelegate.swift */ = {isa = PBXFileReference; lastKnownFileType = sourcecode.swift; path = AppDelegate.swift; sourceTree = "<group>"; };
		FEDF1F6B1D151C07000EA427 /* GameScene.sks */ = {isa = PBXFileReference; lastKnownFileType = file.sks; path = GameScene.sks; sourceTree = "<group>"; };
		FEDF1F6D1D151C07000EA427 /* GameScene.swift */ = {isa = PBXFileReference; lastKnownFileType = sourcecode.swift; path = GameScene.swift; sourceTree = "<group>"; };
		FEDF1F6F1D151C07000EA427 /* GameViewController.swift */ = {isa = PBXFileReference; lastKnownFileType = sourcecode.swift; path = GameViewController.swift; sourceTree = "<group>"; };
		FEDF1F721D151C07000EA427 /* Base */ = {isa = PBXFileReference; lastKnownFileType = file.storyboard; name = Base; path = Base.lproj/Main.storyboard; sourceTree = "<group>"; };
		FEDF1F741D151C07000EA427 /* Assets.xcassets */ = {isa = PBXFileReference; lastKnownFileType = folder.assetcatalog; path = Assets.xcassets; sourceTree = "<group>"; };
		FEDF1F771D151C07000EA427 /* Base */ = {isa = PBXFileReference; lastKnownFileType = file.storyboard; name = Base; path = Base.lproj/LaunchScreen.storyboard; sourceTree = "<group>"; };
		FEDF1F791D151C07000EA427 /* Info.plist */ = {isa = PBXFileReference; lastKnownFileType = text.plist.xml; path = Info.plist; sourceTree = "<group>"; };
		FEDF1F7F1D1520E5000EA427 /* GameObj.swift */ = {isa = PBXFileReference; fileEncoding = 4; lastKnownFileType = sourcecode.swift; path = GameObj.swift; sourceTree = "<group>"; };
		FEDF5DE01D2093820047B953 /* GameState.swift */ = {isa = PBXFileReference; fileEncoding = 4; lastKnownFileType = sourcecode.swift; path = GameState.swift; sourceTree = "<group>"; };
		FEDF5DE21D2096DC0047B953 /* MenuScene.swift */ = {isa = PBXFileReference; fileEncoding = 4; lastKnownFileType = sourcecode.swift; path = MenuScene.swift; sourceTree = "<group>"; };
		FEF298AB1D2E29B200FBBE96 /* PauseObj.swift */ = {isa = PBXFileReference; fileEncoding = 4; lastKnownFileType = sourcecode.swift; path = PauseObj.swift; sourceTree = "<group>"; };
		FEF727561D210F1E00697CD8 /* HealMycelium.wav */ = {isa = PBXFileReference; lastKnownFileType = audio.wav; path = HealMycelium.wav; sourceTree = "<group>"; };
		FEF727571D210F1E00697CD8 /* HealShroom.wav */ = {isa = PBXFileReference; lastKnownFileType = audio.wav; path = HealShroom.wav; sourceTree = "<group>"; };
		FEF727581D210F1E00697CD8 /* LoseSound.wav */ = {isa = PBXFileReference; lastKnownFileType = audio.wav; path = LoseSound.wav; sourceTree = "<group>"; };
		FEF727591D210F1E00697CD8 /* MycelCreate.wav */ = {isa = PBXFileReference; lastKnownFileType = audio.wav; path = MycelCreate.wav; sourceTree = "<group>"; };
		FEF7275A1D210F1E00697CD8 /* RockCreate.wav */ = {isa = PBXFileReference; lastKnownFileType = audio.wav; path = RockCreate.wav; sourceTree = "<group>"; };
		FEF7275B1D210F1E00697CD8 /* RockDie.wav */ = {isa = PBXFileReference; lastKnownFileType = audio.wav; path = RockDie.wav; sourceTree = "<group>"; };
		FEF7275C1D210F1E00697CD8 /* RockLost.wav */ = {isa = PBXFileReference; lastKnownFileType = audio.wav; path = RockLost.wav; sourceTree = "<group>"; };
		FEF7275D1D210F1E00697CD8 /* SandCreate.wav */ = {isa = PBXFileReference; lastKnownFileType = audio.wav; path = SandCreate.wav; sourceTree = "<group>"; };
		FEF7275E1D210F1E00697CD8 /* SandMonster.wav */ = {isa = PBXFileReference; lastKnownFileType = audio.wav; path = SandMonster.wav; sourceTree = "<group>"; };
		FEF7275F1D210F1E00697CD8 /* SandSmash.wav */ = {isa = PBXFileReference; lastKnownFileType = audio.wav; path = SandSmash.wav; sourceTree = "<group>"; };
		FEF727601D210F1E00697CD8 /* ShroomCreate.wav */ = {isa = PBXFileReference; lastKnownFileType = audio.wav; path = ShroomCreate.wav; sourceTree = "<group>"; };
		FEF727611D210F1E00697CD8 /* ShroomDie.wav */ = {isa = PBXFileReference; lastKnownFileType = audio.wav; path = ShroomDie.wav; sourceTree = "<group>"; };
		FEF727621D210F1E00697CD8 /* WinSound.wav */ = {isa = PBXFileReference; lastKnownFileType = audio.wav; path = WinSound.wav; sourceTree = "<group>"; };
/* End PBXFileReference section */

/* Begin PBXFrameworksBuildPhase section */
		FEDF1F631D151C07000EA427 /* Frameworks */ = {
			isa = PBXFrameworksBuildPhase;
			buildActionMask = 2147483647;
			files = (
			);
			runOnlyForDeploymentPostprocessing = 0;
		};
/* End PBXFrameworksBuildPhase section */

/* Begin PBXGroup section */
		FEDF1F5D1D151C07000EA427 = {
			isa = PBXGroup;
			children = (
				FEDF1F681D151C07000EA427 /* Viridia */,
				FEDF1F671D151C07000EA427 /* Products */,
			);
			sourceTree = "<group>";
		};
		FEDF1F671D151C07000EA427 /* Products */ = {
			isa = PBXGroup;
			children = (
				FEDF1F661D151C07000EA427 /* GroveKeeper.app */,
			);
			name = Products;
			sourceTree = "<group>";
		};
		FEDF1F681D151C07000EA427 /* Viridia */ = {
			isa = PBXGroup;
			children = (
				FE79B2A11D2798E10091E6DF /* FireDie.wav */,
				FE79B2A21D2798E10091E6DF /* FireReady.wav */,
				FE79B2A31D2798E10091E6DF /* SpiderDie.wav */,
				FEF727561D210F1E00697CD8 /* HealMycelium.wav */,
				FEF727571D210F1E00697CD8 /* HealShroom.wav */,
				FEF727581D210F1E00697CD8 /* LoseSound.wav */,
				FEF727591D210F1E00697CD8 /* MycelCreate.wav */,
				FEF7275A1D210F1E00697CD8 /* RockCreate.wav */,
				FEF7275B1D210F1E00697CD8 /* RockDie.wav */,
				FEF7275C1D210F1E00697CD8 /* RockLost.wav */,
				FEF7275D1D210F1E00697CD8 /* SandCreate.wav */,
				FEF7275E1D210F1E00697CD8 /* SandMonster.wav */,
				FEF7275F1D210F1E00697CD8 /* SandSmash.wav */,
				FEF727601D210F1E00697CD8 /* ShroomCreate.wav */,
				FEF727611D210F1E00697CD8 /* ShroomDie.wav */,
				FEF727621D210F1E00697CD8 /* WinSound.wav */,
				FE2A48561D20A3FB000D2CF2 /* BoxHit.wav */,
				FE2A48581D20A401000D2CF2 /* FirePlantHit.wav */,
				FE2A485A1D20A407000D2CF2 /* FlameHit.wav */,
				FE2A485D1D20A422000D2CF2 /* RockLives.wav */,
				FE84C04F1D2250C6006CF8E9 /* mushroomDance.mp3 */,
				FE84C0501D2250C6006CF8E9 /* oneSong.mp3 */,
				FE84C0511D2250C6006CF8E9 /* sunshine.mp3 */,
				FEDF1F6B1D151C07000EA427 /* GameScene.sks */,
				FEDF1F691D151C07000EA427 /* AppDelegate.swift */,
				FEDF1F761D151C07000EA427 /* LaunchScreen.storyboard */,
				FEDF1F711D151C07000EA427 /* Main.storyboard */,
				FEDF1F791D151C07000EA427 /* Info.plist */,
				FEDF1F741D151C07000EA427 /* Assets.xcassets */,
				FEDF5DE01D2093820047B953 /* GameState.swift */,
				FEDF1F6F1D151C07000EA427 /* GameViewController.swift */,
				FEDF1F6D1D151C07000EA427 /* GameScene.swift */,
				FEDF5DE21D2096DC0047B953 /* MenuScene.swift */,
				FE76CE351D30D0740046022F /* SetupScene.swift */,
				FECFFE551D27801A00A89CAE /* CreditScene.swift */,
				FE269CCE1D239EFC00F445B5 /* LevelScene.swift */,
				FEA65BA51D168CE20068A20A /* ObjGenerator.swift */,
				FEA65BA71D168DF40068A20A /* BoxGenerator.swift */,
				FE881EA81D176228003D2D57 /* CloudGenerator.swift */,
				FE608F2E1D1E685F005F0DA5 /* GamePath.swift */,
				FECE0A9B1D273D600069F36F /* SpriteRoll.swift */,
				FEDF1F7F1D1520E5000EA427 /* GameObj.swift */,
				FEF298AB1D2E29B200FBBE96 /* PauseObj.swift */,
				FEBAB4851D24C5C500878678 /* SpiderObj.swift */,
				FE881EA41D175D84003D2D57 /* BoxObj.swift */,
				FE7C1FFB1D191B8B00513EC7 /* HealBox.swift */,
				FECB8A951D1E122D0093810E /* RockBox.swift */,
				FE7C1FF91D191AE100513EC7 /* BombBox.swift */,
				FE881EA61D175E4F003D2D57 /* CloudObj.swift */,
				FE881EAA1D176DEC003D2D57 /* GroundObj.swift */,
				FE881EAC1D176FC0003D2D57 /* PlantObj.swift */,
				FE1069DC1D1A6AA000E0E5A5 /* FirePlant.swift */,
				FE7C1FF11D1900FB00513EC7 /* RockObj.swift */,
				FE1069DE1D1A6D9B00E0E5A5 /* FlameObj.swift */,
				FE7336B31D209FAA008E2E57 /* Sounds.swift */,
				FECFFE531D277F7D00A89CAE /* Process.swift */,
				FE11C8AE1D28853300DF6890 /* DifficultyConstant.swift */,
				FE49B1961D2A42190078D8E1 /* VictoryCondition.swift */,
				FECFFE571D27868500A89CAE /* Credits.txt */,
				FECFFE591D27887800A89CAE /* otherCredits.txt */,
				FE6D3A651D34AE8C0042D89B /* ButtonFactory.swift */,
			);
			path = Viridia;
			sourceTree = "<group>";
		};
/* End PBXGroup section */

/* Begin PBXNativeTarget section */
		FEDF1F651D151C07000EA427 /* Viridia */ = {
			isa = PBXNativeTarget;
			buildConfigurationList = FEDF1F7C1D151C07000EA427 /* Build configuration list for PBXNativeTarget "Viridia" */;
			buildPhases = (
				FEDF1F621D151C07000EA427 /* Sources */,
				FEDF1F631D151C07000EA427 /* Frameworks */,
				FEDF1F641D151C07000EA427 /* Resources */,
			);
			buildRules = (
			);
			dependencies = (
			);
			name = Viridia;
			productName = Viridia;
			productReference = FEDF1F661D151C07000EA427 /* GroveKeeper.app */;
			productType = "com.apple.product-type.application";
		};
/* End PBXNativeTarget section */

/* Begin PBXProject section */
		FEDF1F5E1D151C07000EA427 /* Project object */ = {
			isa = PBXProject;
			attributes = {
				LastSwiftUpdateCheck = 0730;
				LastUpgradeCheck = 0730;
				ORGANIZATIONNAME = "Dilan Jenkins";
				TargetAttributes = {
					FEDF1F651D151C07000EA427 = {
						CreatedOnToolsVersion = 7.3.1;
						DevelopmentTeam = BYQYX68PT9;
					};
				};
			};
			buildConfigurationList = FEDF1F611D151C07000EA427 /* Build configuration list for PBXProject "Viridia" */;
			compatibilityVersion = "Xcode 3.2";
			developmentRegion = English;
			hasScannedForEncodings = 0;
			knownRegions = (
				en,
				Base,
			);
			mainGroup = FEDF1F5D1D151C07000EA427;
			productRefGroup = FEDF1F671D151C07000EA427 /* Products */;
			projectDirPath = "";
			projectRoot = "";
			targets = (
				FEDF1F651D151C07000EA427 /* Viridia */,
			);
		};
/* End PBXProject section */

/* Begin PBXResourcesBuildPhase section */
		FEDF1F641D151C07000EA427 /* Resources */ = {
			isa = PBXResourcesBuildPhase;
			buildActionMask = 2147483647;
			files = (
				FEDF1F6C1D151C07000EA427 /* GameScene.sks in Resources */,
				FE79B2A61D2798E10091E6DF /* SpiderDie.wav in Resources */,
				FEDF1F781D151C07000EA427 /* LaunchScreen.storyboard in Resources */,
				FE79B2A41D2798E10091E6DF /* FireDie.wav in Resources */,
				FEF727691D210F1E00697CD8 /* RockLost.wav in Resources */,
				FEF727641D210F1E00697CD8 /* HealShroom.wav in Resources */,
				FEF7276F1D210F1E00697CD8 /* WinSound.wav in Resources */,
				FECFFE581D27868500A89CAE /* Credits.txt in Resources */,
				FEF7276B1D210F1E00697CD8 /* SandMonster.wav in Resources */,
				FEF7276A1D210F1E00697CD8 /* SandCreate.wav in Resources */,
				FE84C0541D2250C6006CF8E9 /* sunshine.mp3 in Resources */,
				FEF727651D210F1E00697CD8 /* LoseSound.wav in Resources */,
				FE2A485B1D20A407000D2CF2 /* FlameHit.wav in Resources */,
				FE79B2A51D2798E10091E6DF /* FireReady.wav in Resources */,
				FE2A48571D20A3FB000D2CF2 /* BoxHit.wav in Resources */,
				FE2A48591D20A401000D2CF2 /* FirePlantHit.wav in Resources */,
				FE2A485E1D20A422000D2CF2 /* RockLives.wav in Resources */,
				FEDF1F751D151C07000EA427 /* Assets.xcassets in Resources */,
				FEF727661D210F1E00697CD8 /* MycelCreate.wav in Resources */,
				FECFFE5A1D27887800A89CAE /* otherCredits.txt in Resources */,
				FEF727631D210F1E00697CD8 /* HealMycelium.wav in Resources */,
				FEDF1F731D151C07000EA427 /* Main.storyboard in Resources */,
				FE84C0531D2250C6006CF8E9 /* oneSong.mp3 in Resources */,
				FEF7276D1D210F1E00697CD8 /* ShroomCreate.wav in Resources */,
				FEF727681D210F1E00697CD8 /* RockDie.wav in Resources */,
				FE84C0521D2250C6006CF8E9 /* mushroomDance.mp3 in Resources */,
				FEF727671D210F1E00697CD8 /* RockCreate.wav in Resources */,
				FEF7276C1D210F1E00697CD8 /* SandSmash.wav in Resources */,
				FEF7276E1D210F1E00697CD8 /* ShroomDie.wav in Resources */,
			);
			runOnlyForDeploymentPostprocessing = 0;
		};
/* End PBXResourcesBuildPhase section */

/* Begin PBXSourcesBuildPhase section */
		FEDF1F621D151C07000EA427 /* Sources */ = {
			isa = PBXSourcesBuildPhase;
			buildActionMask = 2147483647;
			files = (
				FEA65BA61D168CE20068A20A /* ObjGenerator.swift in Sources */,
				FE6D3A661D34AE8C0042D89B /* ButtonFactory.swift in Sources */,
				FEF298AC1D2E29B200FBBE96 /* PauseObj.swift in Sources */,
				FE881EAD1D176FC0003D2D57 /* PlantObj.swift in Sources */,
				FECB8A961D1E122D0093810E /* RockBox.swift in Sources */,
				FECE0A9C1D273D600069F36F /* SpriteRoll.swift in Sources */,
				FE881EA91D176228003D2D57 /* CloudGenerator.swift in Sources */,
				FEBAB4861D24C5C500878678 /* SpiderObj.swift in Sources */,
				FE608F2F1D1E685F005F0DA5 /* GamePath.swift in Sources */,
				FECFFE561D27801A00A89CAE /* CreditScene.swift in Sources */,
				FE49B1971D2A42190078D8E1 /* VictoryCondition.swift in Sources */,
				FE7C1FFC1D191B8B00513EC7 /* HealBox.swift in Sources */,
				FEDF1F6E1D151C07000EA427 /* GameScene.swift in Sources */,
				FE11C8AF1D28853300DF6890 /* DifficultyConstant.swift in Sources */,
				FEDF5DE11D2093820047B953 /* GameState.swift in Sources */,
				FE881EA51D175D84003D2D57 /* BoxObj.swift in Sources */,
				FE881EA71D175E4F003D2D57 /* CloudObj.swift in Sources */,
				FE1069DD1D1A6AA000E0E5A5 /* FirePlant.swift in Sources */,
				FE269CCF1D239EFC00F445B5 /* LevelScene.swift in Sources */,
				FEDF1F801D1520E5000EA427 /* GameObj.swift in Sources */,
				FE1069DF1D1A6D9B00E0E5A5 /* FlameObj.swift in Sources */,
				FECFFE541D277F7D00A89CAE /* Process.swift in Sources */,
				FEA65BA81D168DF40068A20A /* BoxGenerator.swift in Sources */,
				FEDF1F701D151C07000EA427 /* GameViewController.swift in Sources */,
				FE881EAB1D176DEC003D2D57 /* GroundObj.swift in Sources */,
				FE7C1FF21D1900FB00513EC7 /* RockObj.swift in Sources */,
				FEDF5DE31D2096DC0047B953 /* MenuScene.swift in Sources */,
				FE76CE361D30D0740046022F /* SetupScene.swift in Sources */,
				FE7336B41D209FAA008E2E57 /* Sounds.swift in Sources */,
				FEDF1F6A1D151C07000EA427 /* AppDelegate.swift in Sources */,
				FE7C1FFA1D191AE100513EC7 /* BombBox.swift in Sources */,
			);
			runOnlyForDeploymentPostprocessing = 0;
		};
/* End PBXSourcesBuildPhase section */

/* Begin PBXVariantGroup section */
		FEDF1F711D151C07000EA427 /* Main.storyboard */ = {
			isa = PBXVariantGroup;
			children = (
				FEDF1F721D151C07000EA427 /* Base */,
			);
			name = Main.storyboard;
			sourceTree = "<group>";
		};
		FEDF1F761D151C07000EA427 /* LaunchScreen.storyboard */ = {
			isa = PBXVariantGroup;
			children = (
				FEDF1F771D151C07000EA427 /* Base */,
			);
			name = LaunchScreen.storyboard;
			sourceTree = "<group>";
		};
/* End PBXVariantGroup section */

/* Begin XCBuildConfiguration section */
		FEDF1F7A1D151C07000EA427 /* Debug */ = {
			isa = XCBuildConfiguration;
			buildSettings = {
				ALWAYS_SEARCH_USER_PATHS = NO;
				CLANG_ANALYZER_NONNULL = YES;
				CLANG_CXX_LANGUAGE_STANDARD = "gnu++0x";
				CLANG_CXX_LIBRARY = "libc++";
				CLANG_ENABLE_MODULES = YES;
				CLANG_ENABLE_OBJC_ARC = YES;
				CLANG_WARN_BOOL_CONVERSION = YES;
				CLANG_WARN_CONSTANT_CONVERSION = YES;
				CLANG_WARN_DIRECT_OBJC_ISA_USAGE = YES_ERROR;
				CLANG_WARN_EMPTY_BODY = YES;
				CLANG_WARN_ENUM_CONVERSION = YES;
				CLANG_WARN_INT_CONVERSION = YES;
				CLANG_WARN_OBJC_ROOT_CLASS = YES_ERROR;
				CLANG_WARN_UNREACHABLE_CODE = YES;
				CLANG_WARN__DUPLICATE_METHOD_MATCH = YES;
				"CODE_SIGN_IDENTITY[sdk=iphoneos*]" = "iPhone Developer";
				COPY_PHASE_STRIP = NO;
				DEBUG_INFORMATION_FORMAT = "dwarf-with-dsym";
				ENABLE_STRICT_OBJC_MSGSEND = YES;
				ENABLE_TESTABILITY = YES;
				GCC_C_LANGUAGE_STANDARD = gnu99;
				GCC_DYNAMIC_NO_PIC = NO;
				GCC_NO_COMMON_BLOCKS = YES;
				GCC_OPTIMIZATION_LEVEL = 0;
				GCC_PREPROCESSOR_DEFINITIONS = (
					"DEBUG=1",
					"$(inherited)",
				);
				GCC_WARN_64_TO_32_BIT_CONVERSION = YES;
				GCC_WARN_ABOUT_RETURN_TYPE = YES_ERROR;
				GCC_WARN_UNDECLARED_SELECTOR = YES;
				GCC_WARN_UNINITIALIZED_AUTOS = YES_AGGRESSIVE;
				GCC_WARN_UNUSED_FUNCTION = YES;
				GCC_WARN_UNUSED_VARIABLE = YES;
				IPHONEOS_DEPLOYMENT_TARGET = 9.3;
				MTL_ENABLE_DEBUG_INFO = YES;
				ONLY_ACTIVE_ARCH = YES;
				SDKROOT = iphoneos;
				SWIFT_OPTIMIZATION_LEVEL = "-Onone";
				TARGETED_DEVICE_FAMILY = "1,2";
			};
			name = Debug;
		};
		FEDF1F7B1D151C07000EA427 /* Release */ = {
			isa = XCBuildConfiguration;
			buildSettings = {
				ALWAYS_SEARCH_USER_PATHS = NO;
				CLANG_ANALYZER_NONNULL = YES;
				CLANG_CXX_LANGUAGE_STANDARD = "gnu++0x";
				CLANG_CXX_LIBRARY = "libc++";
				CLANG_ENABLE_MODULES = YES;
				CLANG_ENABLE_OBJC_ARC = YES;
				CLANG_WARN_BOOL_CONVERSION = YES;
				CLANG_WARN_CONSTANT_CONVERSION = YES;
				CLANG_WARN_DIRECT_OBJC_ISA_USAGE = YES_ERROR;
				CLANG_WARN_EMPTY_BODY = YES;
				CLANG_WARN_ENUM_CONVERSION = YES;
				CLANG_WARN_INT_CONVERSION = YES;
				CLANG_WARN_OBJC_ROOT_CLASS = YES_ERROR;
				CLANG_WARN_UNREACHABLE_CODE = YES;
				CLANG_WARN__DUPLICATE_METHOD_MATCH = YES;
				"CODE_SIGN_IDENTITY[sdk=iphoneos*]" = "iPhone Developer";
				COPY_PHASE_STRIP = NO;
				DEBUG_INFORMATION_FORMAT = "dwarf-with-dsym";
				ENABLE_NS_ASSERTIONS = NO;
				ENABLE_STRICT_OBJC_MSGSEND = YES;
				GCC_C_LANGUAGE_STANDARD = gnu99;
				GCC_NO_COMMON_BLOCKS = YES;
				GCC_WARN_64_TO_32_BIT_CONVERSION = YES;
				GCC_WARN_ABOUT_RETURN_TYPE = YES_ERROR;
				GCC_WARN_UNDECLARED_SELECTOR = YES;
				GCC_WARN_UNINITIALIZED_AUTOS = YES_AGGRESSIVE;
				GCC_WARN_UNUSED_FUNCTION = YES;
				GCC_WARN_UNUSED_VARIABLE = YES;
				IPHONEOS_DEPLOYMENT_TARGET = 9.3;
				MTL_ENABLE_DEBUG_INFO = NO;
				SDKROOT = iphoneos;
				TARGETED_DEVICE_FAMILY = "1,2";
				VALIDATE_PRODUCT = YES;
			};
			name = Release;
		};
		FEDF1F7D1D151C07000EA427 /* Debug */ = {
			isa = XCBuildConfiguration;
			buildSettings = {
				ASSETCATALOG_COMPILER_APPICON_NAME = AppIcon;
				CODE_SIGN_IDENTITY = "iPhone Developer";
				INFOPLIST_FILE = Viridia/Info.plist;
				LD_RUNPATH_SEARCH_PATHS = "$(inherited) @executable_path/Frameworks";
				PRODUCT_BUNDLE_IDENTIFIER = com.studyoclock.Viridia;
				PRODUCT_NAME = GroveKeeper;
			};
			name = Debug;
		};
		FEDF1F7E1D151C07000EA427 /* Release */ = {
			isa = XCBuildConfiguration;
			buildSettings = {
				ASSETCATALOG_COMPILER_APPICON_NAME = AppIcon;
				CODE_SIGN_IDENTITY = "iPhone Developer";
				INFOPLIST_FILE = Viridia/Info.plist;
				LD_RUNPATH_SEARCH_PATHS = "$(inherited) @executable_path/Frameworks";
				PRODUCT_BUNDLE_IDENTIFIER = com.studyoclock.Viridia;
				PRODUCT_NAME = GroveKeeper;
			};
			name = Release;
		};
/* End XCBuildConfiguration section */

/* Begin XCConfigurationList section */
		FEDF1F611D151C07000EA427 /* Build configuration list for PBXProject "Viridia" */ = {
			isa = XCConfigurationList;
			buildConfigurations = (
				FEDF1F7A1D151C07000EA427 /* Debug */,
				FEDF1F7B1D151C07000EA427 /* Release */,
			);
			defaultConfigurationIsVisible = 0;
			defaultConfigurationName = Release;
		};
		FEDF1F7C1D151C07000EA427 /* Build configuration list for PBXNativeTarget "Viridia" */ = {
			isa = XCConfigurationList;
			buildConfigurations = (
				FEDF1F7D1D151C07000EA427 /* Debug */,
				FEDF1F7E1D151C07000EA427 /* Release */,
			);
			defaultConfigurationIsVisible = 0;
			defaultConfigurationName = Release;
		};
/* End XCConfigurationList section */
	};
	rootObject = FEDF1F5E1D151C07000EA427 /* Project object */;
}
